
Microsoft Visual Studio Solution File, Format Version 12.00
Project("{FAE04EC0-301F-11D3-BF4B-00C04F79EFBC}") = "LinePayDemo.Web", "LinePayDemo.Web\LinePayDemo.Web.csproj", "{57A914DF-39FD-4559-AC0D-D54F2BAD4FE1}"
EndProject
Project("{FAE04EC0-301F-11D3-BF4B-00C04F79EFBC}") = "LinePayDemo.Order", "LinePayDemo.Order\LinePayDemo.Order.csproj", "{2421B41B-89F4-4A01-B508-8C08E5F8A392}"
EndProject
Project("{FAE04EC0-301F-11D3-BF4B-00C04F79EFBC}") = "LinePayDemo.LinePay", "LinePayDemo.LinePay\LinePayDemo.LinePay.csproj", "{88591326-C46C-4243-ADC9-930AC93E1A1E}"
EndProject
Project("{FAE04EC0-301F-11D3-BF4B-00C04F79EFBC}") = "LinePayDemo.Product", "LinePayDemo.Product\LinePayDemo.Product.csproj", "{0069006B-F0CF-4C7B-97E5-558D81295BD8}"
EndProject
Project("{FAE04EC0-301F-11D3-BF4B-00C04F79EFBC}") = "LinePayDemo.Transaction", "LinePayDemo.Transaction\LinePayDemo.Transaction.csproj", "{C9CAB464-ABBA-4430-ACEA-C350112AA06F}"
EndProject
Project("{FAE04EC0-301F-11D3-BF4B-00C04F79EFBC}") = "LinePayDemo.Api", "LinePayDemo.Api\LinePayDemo.Api.csproj", "{A3D065B3-C865-44C2-B36C-16696B0832C3}"
EndProject
Project("{FAE04EC0-301F-11D3-BF4B-00C04F79EFBC}") = "LinePayDemo.User", "LinePayDemo.User\LinePayDemo.User.csproj", "{C3A89B8C-FAF6-4FA1-9435-602E4FB15C50}"
EndProject
Project("{FAE04EC0-301F-11D3-BF4B-00C04F79EFBC}") = "LinePayDemo.Infrastructure", "LinePayDemo.Infrastructure\LinePayDemo.Infrastructure.csproj", "{FBC00FC4-8443-46E7-AEB0-BDA6551A4971}"
EndProject
Global
	GlobalSection(SolutionConfigurationPlatforms) = preSolution
		Debug|Any CPU = Debug|Any CPU
		Release|Any CPU = Release|Any CPU
	EndGlobalSection
	GlobalSection(ProjectConfigurationPlatforms) = postSolution
		{57A914DF-39FD-4559-AC0D-D54F2BAD4FE1}.Debug|Any CPU.ActiveCfg = Debug|Any CPU
		{57A914DF-39FD-4559-AC0D-D54F2BAD4FE1}.Debug|Any CPU.Build.0 = Debug|Any CPU
		{57A914DF-39FD-4559-AC0D-D54F2BAD4FE1}.Release|Any CPU.ActiveCfg = Release|Any CPU
		{57A914DF-39FD-4559-AC0D-D54F2BAD4FE1}.Release|Any CPU.Build.0 = Release|Any CPU
		{2421B41B-89F4-4A01-B508-8C08E5F8A392}.Debug|Any CPU.ActiveCfg = Debug|Any CPU
		{2421B41B-89F4-4A01-B508-8C08E5F8A392}.Debug|Any CPU.Build.0 = Debug|Any CPU
		{2421B41B-89F4-4A01-B508-8C08E5F8A392}.Release|Any CPU.ActiveCfg = Release|Any CPU
		{2421B41B-89F4-4A01-B508-8C08E5F8A392}.Release|Any CPU.Build.0 = Release|Any CPU
		{88591326-C46C-4243-ADC9-930AC93E1A1E}.Debug|Any CPU.ActiveCfg = Debug|Any CPU
		{88591326-C46C-4243-ADC9-930AC93E1A1E}.Debug|Any CPU.Build.0 = Debug|Any CPU
		{88591326-C46C-4243-ADC9-930AC93E1A1E}.Release|Any CPU.ActiveCfg = Release|Any CPU
		{88591326-C46C-4243-ADC9-930AC93E1A1E}.Release|Any CPU.Build.0 = Release|Any CPU
		{0069006B-F0CF-4C7B-97E5-558D81295BD8}.Debug|Any CPU.ActiveCfg = Debug|Any CPU
		{0069006B-F0CF-4C7B-97E5-558D81295BD8}.Debug|Any CPU.Build.0 = Debug|Any CPU
		{0069006B-F0CF-4C7B-97E5-558D81295BD8}.Release|Any CPU.ActiveCfg = Release|Any CPU
		{0069006B-F0CF-4C7B-97E5-558D81295BD8}.Release|Any CPU.Build.0 = Release|Any CPU
		{C9CAB464-ABBA-4430-ACEA-C350112AA06F}.Debug|Any CPU.ActiveCfg = Debug|Any CPU
		{C9CAB464-ABBA-4430-ACEA-C350112AA06F}.Debug|Any CPU.Build.0 = Debug|Any CPU
		{C9CAB464-ABBA-4430-ACEA-C350112AA06F}.Release|Any CPU.ActiveCfg = Release|Any CPU
		{C9CAB464-ABBA-4430-ACEA-C350112AA06F}.Release|Any CPU.Build.0 = Release|Any CPU
		{A3D065B3-C865-44C2-B36C-16696B0832C3}.Debug|Any CPU.ActiveCfg = Debug|Any CPU
		{A3D065B3-C865-44C2-B36C-16696B0832C3}.Debug|Any CPU.Build.0 = Debug|Any CPU
		{A3D065B3-C865-44C2-B36C-16696B0832C3}.Release|Any CPU.ActiveCfg = Release|Any CPU
		{A3D065B3-C865-44C2-B36C-16696B0832C3}.Release|Any CPU.Build.0 = Release|Any CPU
		{C3A89B8C-FAF6-4FA1-9435-602E4FB15C50}.Debug|Any CPU.ActiveCfg = Debug|Any CPU
		{C3A89B8C-FAF6-4FA1-9435-602E4FB15C50}.Debug|Any CPU.Build.0 = Debug|Any CPU
		{C3A89B8C-FAF6-4FA1-9435-602E4FB15C50}.Release|Any CPU.ActiveCfg = Release|Any CPU
		{C3A89B8C-FAF6-4FA1-9435-602E4FB15C50}.Release|Any CPU.Build.0 = Release|Any CPU
		{FBC00FC4-8443-46E7-AEB0-BDA6551A4971}.Debug|Any CPU.ActiveCfg = Debug|Any CPU
		{FBC00FC4-8443-46E7-AEB0-BDA6551A4971}.Debug|Any CPU.Build.0 = Debug|Any CPU
		{FBC00FC4-8443-46E7-AEB0-BDA6551A4971}.Release|Any CPU.ActiveCfg = Release|Any CPU
		{FBC00FC4-8443-46E7-AEB0-BDA6551A4971}.Release|Any CPU.Build.0 = Release|Any CPU
	EndGlobalSection
EndGlobal
